{
  "name": "dashboard-prototype",
  "version": "1.0.0",
  "lockfileVersion": 1,
  "requires": true,
  "dependencies": {
    "@simonwep/selection-js": {
      "version": "0.2.5",
      "resolved": "https://registry.npmjs.org/@simonwep/selection-js/-/selection-js-0.2.5.tgz",
      "integrity": "sha512-EfPoFurN97dv16jDY9o569BjASoEYB7AYjCFhA4HoCp0O7/lwOHWONiU/dR5jKPC55VecGqSi0CDcST4q5L9SA=="
    },
    "lesshat": {
      "version": "4.1.0",
      "resolved": "https://registry.npmjs.org/lesshat/-/lesshat-4.1.0.tgz",
      "integrity": "sha1-WjLco2pVFlaaSG+O0Q3//3nUyOA="
    }
  }
}
